// !$*UTF8*$!
{
	archiveVersion = 1;
	classes = {
	};
	objectVersion = 56;
	objects = {

/* Begin PBXBuildFile section */
		D8F2AA5D29F84EC0002B15E2 /* RFTestEquipmentSimulatorApp.swift in Sources */ = {isa = PBXBuildFile; fileRef = D8F2AA5C29F84EC0002B15E2 /* RFTestEquipmentSimulatorApp.swift */; };
		D8F2AA5F29F84EC0002B15E2 /* ContentView.swift in Sources */ = {isa = PBXBuildFile; fileRef = D8F2AA5E29F84EC0002B15E2 /* ContentView.swift */; };
		D8F2AA6129F84EC3002B15E2 /* Assets.xcassets in Resources */ = {isa = PBXBuildFile; fileRef = D8F2AA6029F84EC3002B15E2 /* Assets.xcassets */; };
		D8F2AA6429F84EC3002B15E2 /* Preview Assets.xcassets in Resources */ = {isa = PBXBuildFile; fileRef = D8F2AA6329F84EC3002B15E2 /* Preview Assets.xcassets */; };
/* End PBXBuildFile section */

/* Begin PBXFileReference section */
		D8F2AA5929F84EC0002B15E2 /* RFTestEquipmentSimulator.app */ = {isa = PBXFileReference; explicitFileType = wrapper.application; includeInIndex = 0; path = RFTestEquipmentSimulator.app; sourceTree = BUILT_PRODUCTS_DIR; };
		D8F2AA5C29F84EC0002B15E2 /* RFTestEquipmentSimulatorApp.swift */ = {isa = PBXFileReference; lastKnownFileType = sourcecode.swift; path = RFTestEquipmentSimulatorApp.swift; sourceTree = "<group>"; };
		D8F2AA5E29F84EC0002B15E2 /* ContentView.swift */ = {isa = PBXFileReference; lastKnownFileType = sourcecode.swift; path = ContentView.swift; sourceTree = "<group>"; };
		D8F2AA6029F84EC3002B15E2 /* Assets.xcassets */ = {isa = PBXFileReference; lastKnownFileType = folder.assetcatalog; path = Assets.xcassets; sourceTree = "<group>"; };
		D8F2AA6329F84EC3002B15E2 /* Preview Assets.xcassets */ = {isa = PBXFileReference; lastKnownFileType = folder.assetcatalog; path = "Preview Assets.xcassets"; sourceTree = "<group>"; };
		D8F2AA6529F84EC3002B15E2 /* RFTestEquipmentSimulator.entitlements */ = {isa = PBXFileReference; lastKnownFileType = text.plist.entitlements; path = RFTestEquipmentSimulator.entitlements; sourceTree = "<group>"; };
/* End PBXFileReference section */

/* Begin PBXFrameworksBuildPhase section */
		D8F2AA5629F84EC0002B15E2 /* Frameworks */ = {
			isa = PBXFrameworksBuildPhase;
			buildActionMask = 2147483647;
			files = (
			);
			runOnlyForDeploymentPostprocessing = 0;
		};
/* End PBXFrameworksBuildPhase section */

/* Begin PBXGroup section */
		D8F2AA5029F84EC0002B15E2 = {
			isa = PBXGroup;
			children = (
				D8F2AA5B29F84EC0002B15E2 /* RFTestEquipmentSimulator */,
				D8F2AA5A29F84EC0002B15E2 /* Products */,
			);
			sourceTree = "<group>";
		};
		D8F2AA5A29F84EC0002B15E2 /* Products */ = {
			isa = PBXGroup;
			children = (
				D8F2AA5929F84EC0002B15E2 /* RFTestEquipmentSimulator.app */,
			);
			name = Products;
			sourceTree = "<group>";
		};
		D8F2AA5B29F84EC0002B15E2 /* RFTestEquipmentSimulator */ = {
			isa = PBXGroup;
			children = (
				D8F2AA5C29F84EC0002B15E2 /* RFTestEquipmentSimulatorApp.swift */,
				D8F2AA5E29F84EC0002B15E2 /* ContentView.swift */,
				D8F2AA6029F84EC3002B15E2 /* Assets.xcassets */,
				D8F2AA6529F84EC3002B15E2 /* RFTestEquipmentSimulator.entitlements */,
				D8F2AA6229F84EC3002B15E2 /* Preview Content */,
			);
			path = RFTestEquipmentSimulator;
			sourceTree = "<group>";
		};
		D8F2AA6229F84EC3002B15E2 /* Preview Content */ = {
			isa = PBXGroup;
			children = (
				D8F2AA6329F84EC3002B15E2 /* Preview Assets.xcassets */,
			);
			path = "Preview Content";
			sourceTree = "<group>";
		};
/* End PBXGroup section */

/* Begin PBXNativeTarget section */
		D8F2AA5829F84EC0002B15E2 /* RFTestEquipmentSimulator */ = {
			isa = PBXNativeTarget;
			buildConfigurationList = D8F2AA6829F84EC3002B15E2 /* Build configuration list for PBXNativeTarget "RFTestEquipmentSimulator" */;
			buildPhases = (
				D8F2AA5529F84EC0002B15E2 /* Sources */,
				D8F2AA5629F84EC0002B15E2 /* Frameworks */,
				D8F2AA5729F84EC0002B15E2 /* Resources */,
			);
			buildRules = (
			);
			dependencies = (
			);
			name = RFTestEquipmentSimulator;
			productName = RFTestEquipmentSimulator;
			productReference = D8F2AA5929F84EC0002B15E2 /* RFTestEquipmentSimulator.app */;
			productType = "com.apple.product-type.application";
		};
/* End PBXNativeTarget section */

/* Begin PBXProject section */
		D8F2AA5129F84EC0002B15E2 /* Project object */ = {
			isa = PBXProject;
			attributes = {
				BuildIndependentTargetsInParallel = 1;
				LastSwiftUpdateCheck = 1410;
				LastUpgradeCheck = 1410;
				TargetAttributes = {
					D8F2AA5829F84EC0002B15E2 = {
						CreatedOnToolsVersion = 14.1;
					};
				};
			};
			buildConfigurationList = D8F2AA5429F84EC0002B15E2 /* Build configuration list for PBXProject "RFTestEquipmentSimulator" */;
			compatibilityVersion = "Xcode 14.0";
			developmentRegion = en;
			hasScannedForEncodings = 0;
			knownRegions = (
				en,
				Base,
			);
			mainGroup = D8F2AA5029F84EC0002B15E2;
			productRefGroup = D8F2AA5A29F84EC0002B15E2 /* Products */;
			projectDirPath = "";
			projectRoot = "";
			targets = (
				D8F2AA5829F84EC0002B15E2 /* RFTestEquipmentSimulator */,
			);
		};
/* End PBXProject section */

/* Begin PBXResourcesBuildPhase section */
		D8F2AA5729F84EC0002B15E2 /* Resources */ = {
			isa = PBXResourcesBuildPhase;
			buildActionMask = 2147483647;
			files = (
				D8F2AA6429F84EC3002B15E2 /* Preview Assets.xcassets in Resources */,
				D8F2AA6129F84EC3002B15E2 /* Assets.xcassets in Resources */,
			);
			runOnlyForDeploymentPostprocessing = 0;
		};
/* End PBXResourcesBuildPhase section */

/* Begin PBXSourcesBuildPhase section */
		D8F2AA5529F84EC0002B15E2 /* Sources */ = {
			isa = PBXSourcesBuildPhase;
			buildActionMask = 2147483647;
			files = (
				D8F2AA5F29F84EC0002B15E2 /* ContentView.swift in Sources */,
				D8F2AA5D29F84EC0002B15E2 /* RFTestEquipmentSimulatorApp.swift in Sources */,
			);
			runOnlyForDeploymentPostprocessing = 0;
		};
/* End PBXSourcesBuildPhase section */

/* Begin XCBuildConfiguration section */
		D8F2AA6629F84EC3002B15E2 /* Debug */ = {
			isa = XCBuildConfiguration;
			buildSettings = {
				ALWAYS_SEARCH_USER_PATHS = NO;
				CLANG_ANALYZER_NONNULL = YES;
				CLANG_ANALYZER_NUMBER_OBJECT_CONVERSION = YES_AGGRESSIVE;
				CLANG_CXX_LANGUAGE_STANDARD = "gnu++20";
				CLANG_ENABLE_MODULES = YES;
				CLANG_ENABLE_OBJC_ARC = YES;
				CLANG_ENABLE_OBJC_WEAK = YES;
				CLANG_WARN_BLOCK_CAPTURE_AUTORELEASING = YES;
				CLANG_WARN_BOOL_CONVERSION = YES;
				CLANG_WARN_COMMA = YES;
				CLANG_WARN_CONSTANT_CONVERSION = YES;
				CLANG_WARN_DEPRECATED_OBJC_IMPLEMENTATIONS = YES;
				CLANG_WARN_DIRECT_OBJC_ISA_USAGE = YES_ERROR;
				CLANG_WARN_DOCUMENTATION_COMMENTS = YES;
				CLANG_WARN_EMPTY_BODY = YES;
				CLANG_WARN_ENUM_CONVERSION = YES;
				CLANG_WARN_INFINITE_RECURSION = YES;
				CLANG_WARN_INT_CONVERSION = YES;
				CLANG_WARN_NON_LITERAL_NULL_CONVERSION = YES;
				CLANG_WARN_OBJC_IMPLICIT_RETAIN_SELF = YES;
				CLANG_WARN_OBJC_LITERAL_CONVERSION = YES;
				CLANG_WARN_OBJC_ROOT_CLASS = YES_ERROR;
				CLANG_WARN_QUOTED_INCLUDE_IN_FRAMEWORK_HEADER = YES;
				CLANG_WARN_RANGE_LOOP_ANALYSIS = YES;
				CLANG_WARN_STRICT_PROTOTYPES = YES;
				CLANG_WARN_SUSPICIOUS_MOVE = YES;
				CLANG_WARN_UNGUARDED_AVAILABILITY = YES_AGGRESSIVE;
				CLANG_WARN_UNREACHABLE_CODE = YES;
				CLANG_WARN__DUPLICATE_METHOD_MATCH = YES;
				COPY_PHASE_STRIP = NO;
				DEBUG_INFORMATION_FORMAT = dwarf;
				ENABLE_STRICT_OBJC_MSGSEND = YES;
				ENABLE_TESTABILITY = YES;
				GCC_C_LANGUAGE_STANDARD = gnu11;
				GCC_DYNAMIC_NO_PIC = NO;
				GCC_NO_COMMON_BLOCKS = YES;
				GCC_OPTIMIZATION_LEVEL = 0;
				GCC_PREPROCESSOR_DEFINITIONS = (
					"DEBUG=1",
					"$(inherited)",
				);
				GCC_WARN_64_TO_32_BIT_CONVERSION = YES;
				GCC_WARN_ABOUT_RETURN_TYPE = YES_ERROR;
				GCC_WARN_UNDECLARED_SELECTOR = YES;
				GCC_WARN_UNINITIALIZED_AUTOS = YES_AGGRESSIVE;
				GCC_WARN_UNUSED_FUNCTION = YES;
				GCC_WARN_UNUSED_VARIABLE = YES;
				MACOSX_DEPLOYMENT_TARGET = 13.0;
				MTL_ENABLE_DEBUG_INFO = INCLUDE_SOURCE;
				MTL_FAST_MATH = YES;
				ONLY_ACTIVE_ARCH = YES;
				SDKROOT = macosx;
				SWIFT_ACTIVE_COMPILATION_CONDITIONS = DEBUG;
				SWIFT_OPTIMIZATION_LEVEL = "-Onone";
			};
			name = Debug;
		};
		D8F2AA6729F84EC3002B15E2 /* Release */ = {
			isa = XCBuildConfiguration;
			buildSettings = {
				ALWAYS_SEARCH_USER_PATHS = NO;
				CLANG_ANALYZER_NONNULL = YES;
				CLANG_ANALYZER_NUMBER_OBJECT_CONVERSION = YES_AGGRESSIVE;
				CLANG_CXX_LANGUAGE_STANDARD = "gnu++20";
				CLANG_ENABLE_MODULES = YES;
				CLANG_ENABLE_OBJC_ARC = YES;
				CLANG_ENABLE_OBJC_WEAK = YES;
				CLANG_WARN_BLOCK_CAPTURE_AUTORELEASING = YES;
				CLANG_WARN_BOOL_CONVERSION = YES;
				CLANG_WARN_COMMA = YES;
				CLANG_WARN_CONSTANT_CONVERSION = YES;
				CLANG_WARN_DEPRECATED_OBJC_IMPLEMENTATIONS = YES;
				CLANG_WARN_DIRECT_OBJC_ISA_USAGE = YES_ERROR;
				CLANG_WARN_DOCUMENTATION_COMMENTS = YES;
				CLANG_WARN_EMPTY_BODY = YES;
				CLANG_WARN_ENUM_CONVERSION = YES;
				CLANG_WARN_INFINITE_RECURSION = YES;
				CLANG_WARN_INT_CONVERSION = YES;
				CLANG_WARN_NON_LITERAL_NULL_CONVERSION = YES;
				CLANG_WARN_OBJC_IMPLICIT_RETAIN_SELF = YES;
				CLANG_WARN_OBJC_LITERAL_CONVERSION = YES;
				CLANG_WARN_OBJC_ROOT_CLASS = YES_ERROR;
				CLANG_WARN_QUOTED_INCLUDE_IN_FRAMEWORK_HEADER = YES;
				CLANG_WARN_RANGE_LOOP_ANALYSIS = YES;
				CLANG_WARN_STRICT_PROTOTYPES = YES;
				CLANG_WARN_SUSPICIOUS_MOVE = YES;
				CLANG_WARN_UNGUARDED_AVAILABILITY = YES_AGGRESSIVE;
				CLANG_WARN_UNREACHABLE_CODE = YES;
				CLANG_WARN__DUPLICATE_METHOD_MATCH = YES;
				COPY_PHASE_STRIP = NO;
				DEBUG_INFORMATION_FORMAT = "dwarf-with-dsym";
				ENABLE_NS_ASSERTIONS = NO;
				ENABLE_STRICT_OBJC_MSGSEND = YES;
				GCC_C_LANGUAGE_STANDARD = gnu11;
				GCC_NO_COMMON_BLOCKS = YES;
				GCC_WARN_64_TO_32_BIT_CONVERSION = YES;
				GCC_WARN_ABOUT_RETURN_TYPE = YES_ERROR;
				GCC_WARN_UNDECLARED_SELECTOR = YES;
				GCC_WARN_UNINITIALIZED_AUTOS = YES_AGGRESSIVE;
				GCC_WARN_UNUSED_FUNCTION = YES;
				GCC_WARN_UNUSED_VARIABLE = YES;
				MACOSX_DEPLOYMENT_TARGET = 13.0;
				MTL_ENABLE_DEBUG_INFO = NO;
				MTL_FAST_MATH = YES;
				SDKROOT = macosx;
				SWIFT_COMPILATION_MODE = wholemodule;
				SWIFT_OPTIMIZATION_LEVEL = "-O";
			};
			name = Release;
		};
		D8F2AA6929F84EC3002B15E2 /* Debug */ = {
			isa = XCBuildConfiguration;
			buildSettings = {
				ASSETCATALOG_COMPILER_APPICON_NAME = AppIcon;
				ASSETCATALOG_COMPILER_GLOBAL_ACCENT_COLOR_NAME = AccentColor;
				CODE_SIGN_ENTITLEMENTS = RFTestEquipmentSimulator/RFTestEquipmentSimulator.entitlements;
				CODE_SIGN_STYLE = Automatic;
				COMBINE_HIDPI_IMAGES = YES;
				CURRENT_PROJECT_VERSION = 1;
				DEVELOPMENT_ASSET_PATHS = "\"RFTestEquipmentSimulator/Preview Content\"";
				DEVELOPMENT_TEAM = 8TT87YYP54;
				ENABLE_HARDENED_RUNTIME = YES;
				ENABLE_PREVIEWS = YES;
				GENERATE_INFOPLIST_FILE = YES;
				INFOPLIST_KEY_NSHumanReadableCopyright = "";
				LD_RUNPATH_SEARCH_PATHS = (
					"$(inherited)",
					"@executable_path/../Frameworks",
				);
				MARKETING_VERSION = 1.0;
				PRODUCT_BUNDLE_IDENTIFIER = com.duckwxrth.RFTestEquipmentSimulator;
				PRODUCT_NAME = "$(TARGET_NAME)";
				SWIFT_EMIT_LOC_STRINGS = YES;
				SWIFT_VERSION = 5.0;
			};
			name = Debug;
		};
		D8F2AA6A29F84EC3002B15E2 /* Release */ = {
			isa = XCBuildConfiguration;
			buildSettings = {
				ASSETCATALOG_COMPILER_APPICON_NAME = AppIcon;
				ASSETCATALOG_COMPILER_GLOBAL_ACCENT_COLOR_NAME = AccentColor;
				CODE_SIGN_ENTITLEMENTS = RFTestEquipmentSimulator/RFTestEquipmentSimulator.entitlements;
				CODE_SIGN_STYLE = Automatic;
				COMBINE_HIDPI_IMAGES = YES;
				CURRENT_PROJECT_VERSION = 1;
				DEVELOPMENT_ASSET_PATHS = "\"RFTestEquipmentSimulator/Preview Content\"";
				DEVELOPMENT_TEAM = 8TT87YYP54;
				ENABLE_HARDENED_RUNTIME = YES;
				ENABLE_PREVIEWS = YES;
				GENERATE_INFOPLIST_FILE = YES;
				INFOPLIST_KEY_NSHumanReadableCopyright = "";
				LD_RUNPATH_SEARCH_PATHS = (
					"$(inherited)",
					"@executable_path/../Frameworks",
				);
				MARKETING_VERSION = 1.0;
				PRODUCT_BUNDLE_IDENTIFIER = com.duckwxrth.RFTestEquipmentSimulator;
				PRODUCT_NAME = "$(TARGET_NAME)";
				SWIFT_EMIT_LOC_STRINGS = YES;
				SWIFT_VERSION = 5.0;
			};
			name = Release;
		};
/* End XCBuildConfiguration section */

/* Begin XCConfigurationList section */
		D8F2AA5429F84EC0002B15E2 /* Build configuration list for PBXProject "RFTestEquipmentSimulator" */ = {
			isa = XCConfigurationList;
			buildConfigurations = (
				D8F2AA6629F84EC3002B15E2 /* Debug */,
				D8F2AA6729F84EC3002B15E2 /* Release */,
			);
			defaultConfigurationIsVisible = 0;
			defaultConfigurationName = Release;
		};
		D8F2AA6829F84EC3002B15E2 /* Build configuration list for PBXNativeTarget "RFTestEquipmentSimulator" */ = {
			isa = XCConfigurationList;
			buildConfigurations = (
				D8F2AA6929F84EC3002B15E2 /* Debug */,
				D8F2AA6A29F84EC3002B15E2 /* Release */,
			);
			defaultConfigurationIsVisible = 0;
			defaultConfigurationName = Release;
		};
/* End XCConfigurationList section */
	};
	rootObject = D8F2AA5129F84EC0002B15E2 /* Project object */;
}
